// !$*UTF8*$!
{
	archiveVersion = 1;
	classes = {
	};
	objectVersion = 48;
	objects = {

/* Begin PBXBuildFile section */
		87C70FAE4B4E5E8038903CDC /* libPods-DDMemo.a in Frameworks */ = {isa = PBXBuildFile; fileRef = 2591813F1161428E98B66CAC /* libPods-DDMemo.a */; };
		FB531C4F20B3C16E007D013B /* NSString+Extension.m in Sources */ = {isa = PBXBuildFile; fileRef = FB531C4E20B3C16E007D013B /* NSString+Extension.m */; };
		FB531C5F20B41693007D013B /* NSDate+Extension.m in Sources */ = {isa = PBXBuildFile; fileRef = FB531C5E20B41693007D013B /* NSDate+Extension.m */; };
		FB531C6320B426DA007D013B /* 震耳欲聋.wav in Resources */ = {isa = PBXBuildFile; fileRef = FB531C6220B426DA007D013B /* 震耳欲聋.wav */; };
		FB531C6520B4286B007D013B /* 屋内听雨.wav in Resources */ = {isa = PBXBuildFile; fileRef = FB531C6420B4286B007D013B /* 屋内听雨.wav */; };
		FB531C6720B42892007D013B /* 萨克斯金曲.wav in Resources */ = {isa = PBXBuildFile; fileRef = FB531C6620B42892007D013B /* 萨克斯金曲.wav */; };
		FB531C6920B4289F007D013B /* 水晶音乐.wav in Resources */ = {isa = PBXBuildFile; fileRef = FB531C6820B4289E007D013B /* 水晶音乐.wav */; };
		FB531C6B20B428AC007D013B /* 超可爱.wav in Resources */ = {isa = PBXBuildFile; fileRef = FB531C6A20B428AC007D013B /* 超可爱.wav */; };
		FB531C6D20B428B9007D013B /* 人间仙境.wav in Resources */ = {isa = PBXBuildFile; fileRef = FB531C6C20B428B9007D013B /* 人间仙境.wav */; };
		FB531C6F20B428C7007D013B /* 非常有趣.wav in Resources */ = {isa = PBXBuildFile; fileRef = FB531C6E20B428C7007D013B /* 非常有趣.wav */; };
		FB531C7120B428E4007D013B /* 滴滴哒哒.wav in Resources */ = {isa = PBXBuildFile; fileRef = FB531C7020B428E4007D013B /* 滴滴哒哒.wav */; };
		FB531C7320B428F4007D013B /* 大喇叭.wav in Resources */ = {isa = PBXBuildFile; fileRef = FB531C7220B428F4007D013B /* 大喇叭.wav */; };
		FB531C7520B428FF007D013B /* 穿透力.wav in Resources */ = {isa = PBXBuildFile; fileRef = FB531C7420B428FF007D013B /* 穿透力.wav */; };
		FB531C7720B42919007D013B /* 优美口哨.wav in Resources */ = {isa = PBXBuildFile; fileRef = FB531C7620B42919007D013B /* 优美口哨.wav */; };
		FB531C7920B4292B007D013B /* 吓死寡人.wav in Resources */ = {isa = PBXBuildFile; fileRef = FB531C7820B4292B007D013B /* 吓死寡人.wav */; };
		FB67530820B54C8600FEBF13 /* DDMemo.xcdatamodeld in Sources */ = {isa = PBXBuildFile; fileRef = FBF12DAA20AD90B1006194C6 /* DDMemo.xcdatamodeld */; };
		FB67531320B54E0300FEBF13 /* Memo+CoreDataProperties.m in Sources */ = {isa = PBXBuildFile; fileRef = FB67530F20B54E0200FEBF13 /* Memo+CoreDataProperties.m */; };
		FB67531420B54E0300FEBF13 /* Memo+CoreDataClass.m in Sources */ = {isa = PBXBuildFile; fileRef = FB67531220B54E0300FEBF13 /* Memo+CoreDataClass.m */; };
		FB67531520B54F0C00FEBF13 /* Memo+CoreDataProperties.m in Sources */ = {isa = PBXBuildFile; fileRef = FB67530F20B54E0200FEBF13 /* Memo+CoreDataProperties.m */; };
		FB67531620B54F0F00FEBF13 /* Memo+CoreDataClass.m in Sources */ = {isa = PBXBuildFile; fileRef = FB67531220B54E0300FEBF13 /* Memo+CoreDataClass.m */; };
		FB702D3820AE6BA1000E575B /* HomeController.m in Sources */ = {isa = PBXBuildFile; fileRef = FB702D2F20AE6BA1000E575B /* HomeController.m */; };
		FB702D3920AE6BA1000E575B /* BaseViewController.m in Sources */ = {isa = PBXBuildFile; fileRef = FB702D3420AE6BA1000E575B /* BaseViewController.m */; };
		FB702D3A20AE6BA1000E575B /* BaseNavController.m in Sources */ = {isa = PBXBuildFile; fileRef = FB702D3620AE6BA1000E575B /* BaseNavController.m */; };
		FB702D3F20AE7B0B000E575B /* DDCalendarAppearance.m in Sources */ = {isa = PBXBuildFile; fileRef = FB702D3E20AE7B0B000E575B /* DDCalendarAppearance.m */; };
		FB702D4320AE7F53000E575B /* DDCalendarManager.m in Sources */ = {isa = PBXBuildFile; fileRef = FB702D4220AE7F53000E575B /* DDCalendarManager.m */; };
		FB702D4620AE7F83000E575B /* DDCalendarScrollView.m in Sources */ = {isa = PBXBuildFile; fileRef = FB702D4520AE7F83000E575B /* DDCalendarScrollView.m */; };
		FB702D4920AE7FA2000E575B /* DDCalendarContentView.m in Sources */ = {isa = PBXBuildFile; fileRef = FB702D4820AE7FA2000E575B /* DDCalendarContentView.m */; };
		FB702D4C20AE7FC4000E575B /* DDCalendarCollectionViewFlowLayout.m in Sources */ = {isa = PBXBuildFile; fileRef = FB702D4B20AE7FC4000E575B /* DDCalendarCollectionViewFlowLayout.m */; };
		FB702D4F20AE7FEE000E575B /* DDCalendarCollectionCell.m in Sources */ = {isa = PBXBuildFile; fileRef = FB702D4E20AE7FEE000E575B /* DDCalendarCollectionCell.m */; };
		FB702D5220AE8006000E575B /* DDCalendarDayItem.m in Sources */ = {isa = PBXBuildFile; fileRef = FB702D5120AE8006000E575B /* DDCalendarDayItem.m */; };
		FB702D5520AE80AD000E575B /* DDCalendarWeekDayView.m in Sources */ = {isa = PBXBuildFile; fileRef = FB702D5420AE80AD000E575B /* DDCalendarWeekDayView.m */; };
		FB702D5820AE8453000E575B /* DDCircleView.m in Sources */ = {isa = PBXBuildFile; fileRef = FB702D5720AE8453000E575B /* DDCircleView.m */; };
		FB702D7D20AFE99A000E575B /* AddMemoView.m in Sources */ = {isa = PBXBuildFile; fileRef = FB702D7C20AFE99A000E575B /* AddMemoView.m */; };
		FB702D7F20AFE9A1000E575B /* AddMemoView.xib in Resources */ = {isa = PBXBuildFile; fileRef = FB702D7E20AFE9A1000E575B /* AddMemoView.xib */; };
		FB702D8220AFEB26000E575B /* NSObject+Initializtion.m in Sources */ = {isa = PBXBuildFile; fileRef = FB702D8120AFEB26000E575B /* NSObject+Initializtion.m */; };
		FB702D8520AFEB8B000E575B /* UIView+Category.m in Sources */ = {isa = PBXBuildFile; fileRef = FB702D8420AFEB8B000E575B /* UIView+Category.m */; };
		FB702D9820B2A2B8000E575B /* CardScrollView.m in Sources */ = {isa = PBXBuildFile; fileRef = FB702D9620B2A2B8000E575B /* CardScrollView.m */; };
		FB702D9B20B2A58C000E575B /* UIBarButtonItem+Extension.m in Sources */ = {isa = PBXBuildFile; fileRef = FB702D9A20B2A58C000E575B /* UIBarButtonItem+Extension.m */; };
		FB702D9F20B2B335000E575B /* EventCell.m in Sources */ = {isa = PBXBuildFile; fileRef = FB702D9D20B2B335000E575B /* EventCell.m */; };
		FB702DA020B2B335000E575B /* EventCell.xib in Resources */ = {isa = PBXBuildFile; fileRef = FB702D9E20B2B335000E575B /* EventCell.xib */; };
		FB702DE020B2BE2C000E575B /* NotificationCenter.framework in Frameworks */ = {isa = PBXBuildFile; fileRef = FB702DDF20B2BE2C000E575B /* NotificationCenter.framework */; };
		FB702DE420B2BE2C000E575B /* TodayViewController.m in Sources */ = {isa = PBXBuildFile; fileRef = FB702DE320B2BE2C000E575B /* TodayViewController.m */; };
		FB702DEB20B2BE2C000E575B /* DDMemoWiget.appex in Embed App Extensions */ = {isa = PBXBuildFile; fileRef = FB702DDE20B2BE2C000E575B /* DDMemoWiget.appex */; settings = {ATTRIBUTES = (RemoveHeadersOnCopy, ); }; };
		FBF12DA320AD90B1006194C6 /* AppDelegate.m in Sources */ = {isa = PBXBuildFile; fileRef = FBF12DA220AD90B1006194C6 /* AppDelegate.m */; };
		FBF12DA920AD90B1006194C6 /* Main.storyboard in Resources */ = {isa = PBXBuildFile; fileRef = FBF12DA720AD90B1006194C6 /* Main.storyboard */; };
		FBF12DAC20AD90B1006194C6 /* DDMemo.xcdatamodeld in Sources */ = {isa = PBXBuildFile; fileRef = FBF12DAA20AD90B1006194C6 /* DDMemo.xcdatamodeld */; };
		FBF12DAE20AD90B1006194C6 /* Assets.xcassets in Resources */ = {isa = PBXBuildFile; fileRef = FBF12DAD20AD90B1006194C6 /* Assets.xcassets */; };
		FBF12DB120AD90B1006194C6 /* LaunchScreen.storyboard in Resources */ = {isa = PBXBuildFile; fileRef = FBF12DAF20AD90B1006194C6 /* LaunchScreen.storyboard */; };
		FBF12DB420AD90B1006194C6 /* main.m in Sources */ = {isa = PBXBuildFile; fileRef = FBF12DB320AD90B1006194C6 /* main.m */; };
/* End PBXBuildFile section */

/* Begin PBXContainerItemProxy section */
		FB702DE920B2BE2C000E575B /* PBXContainerItemProxy */ = {
			isa = PBXContainerItemProxy;
			containerPortal = FBF12D9620AD90B0006194C6 /* Project object */;
			proxyType = 1;
			remoteGlobalIDString = FB702DDD20B2BE2C000E575B;
			remoteInfo = DDMemoWiget;
		};
/* End PBXContainerItemProxy section */

/* Begin PBXCopyFilesBuildPhase section */
		FB702DEF20B2BE2C000E575B /* Embed App Extensions */ = {
			isa = PBXCopyFilesBuildPhase;
			buildActionMask = 2147483647;
			dstPath = "";
			dstSubfolderSpec = 13;
			files = (
				FB702DEB20B2BE2C000E575B /* DDMemoWiget.appex in Embed App Extensions */,
			);
			name = "Embed App Extensions";
			runOnlyForDeploymentPostprocessing = 0;
		};
/* End PBXCopyFilesBuildPhase section */

/* Begin PBXFileReference section */
		0E310246520CF9CC39468F27 /* Pods-DDMemo.release.xcconfig */ = {isa = PBXFileReference; includeInIndex = 1; lastKnownFileType = text.xcconfig; name = "Pods-DDMemo.release.xcconfig"; path = "Pods/Target Support Files/Pods-DDMemo/Pods-DDMemo.release.xcconfig"; sourceTree = "<group>"; };
		2591813F1161428E98B66CAC /* libPods-DDMemo.a */ = {isa = PBXFileReference; explicitFileType = archive.ar; includeInIndex = 0; path = "libPods-DDMemo.a"; sourceTree = BUILT_PRODUCTS_DIR; };
		D87CFA456EA7A0EAF805F15A /* Pods-DDMemo.debug.xcconfig */ = {isa = PBXFileReference; includeInIndex = 1; lastKnownFileType = text.xcconfig; name = "Pods-DDMemo.debug.xcconfig"; path = "Pods/Target Support Files/Pods-DDMemo/Pods-DDMemo.debug.xcconfig"; sourceTree = "<group>"; };
		FB531C4D20B3C16E007D013B /* NSString+Extension.h */ = {isa = PBXFileReference; lastKnownFileType = sourcecode.c.h; path = "NSString+Extension.h"; sourceTree = "<group>"; };
		FB531C4E20B3C16E007D013B /* NSString+Extension.m */ = {isa = PBXFileReference; lastKnownFileType = sourcecode.c.objc; path = "NSString+Extension.m"; sourceTree = "<group>"; };
		FB531C5D20B41693007D013B /* NSDate+Extension.h */ = {isa = PBXFileReference; lastKnownFileType = sourcecode.c.h; path = "NSDate+Extension.h"; sourceTree = "<group>"; };
		FB531C5E20B41693007D013B /* NSDate+Extension.m */ = {isa = PBXFileReference; lastKnownFileType = sourcecode.c.objc; path = "NSDate+Extension.m"; sourceTree = "<group>"; };
		FB531C6220B426DA007D013B /* 震耳欲聋.wav */ = {isa = PBXFileReference; lastKnownFileType = audio.wav; path = "震耳欲聋.wav"; sourceTree = "<group>"; };
		FB531C6420B4286B007D013B /* 屋内听雨.wav */ = {isa = PBXFileReference; lastKnownFileType = audio.wav; path = "屋内听雨.wav"; sourceTree = "<group>"; };
		FB531C6620B42892007D013B /* 萨克斯金曲.wav */ = {isa = PBXFileReference; lastKnownFileType = audio.wav; path = "萨克斯金曲.wav"; sourceTree = "<group>"; };
		FB531C6820B4289E007D013B /* 水晶音乐.wav */ = {isa = PBXFileReference; lastKnownFileType = audio.wav; path = "水晶音乐.wav"; sourceTree = "<group>"; };
		FB531C6A20B428AC007D013B /* 超可爱.wav */ = {isa = PBXFileReference; lastKnownFileType = audio.wav; path = "超可爱.wav"; sourceTree = "<group>"; };
		FB531C6C20B428B9007D013B /* 人间仙境.wav */ = {isa = PBXFileReference; lastKnownFileType = audio.wav; path = "人间仙境.wav"; sourceTree = "<group>"; };
		FB531C6E20B428C7007D013B /* 非常有趣.wav */ = {isa = PBXFileReference; lastKnownFileType = audio.wav; path = "非常有趣.wav"; sourceTree = "<group>"; };
		FB531C7020B428E4007D013B /* 滴滴哒哒.wav */ = {isa = PBXFileReference; lastKnownFileType = audio.wav; path = "滴滴哒哒.wav"; sourceTree = "<group>"; };
		FB531C7220B428F4007D013B /* 大喇叭.wav */ = {isa = PBXFileReference; lastKnownFileType = audio.wav; path = "大喇叭.wav"; sourceTree = "<group>"; };
		FB531C7420B428FF007D013B /* 穿透力.wav */ = {isa = PBXFileReference; lastKnownFileType = audio.wav; path = "穿透力.wav"; sourceTree = "<group>"; };
		FB531C7620B42919007D013B /* 优美口哨.wav */ = {isa = PBXFileReference; lastKnownFileType = audio.wav; path = "优美口哨.wav"; sourceTree = "<group>"; };
		FB531C7820B4292B007D013B /* 吓死寡人.wav */ = {isa = PBXFileReference; lastKnownFileType = audio.wav; path = "吓死寡人.wav"; sourceTree = "<group>"; };
		FB6752FD20B5226700FEBF13 /* DDMemo.entitlements */ = {isa = PBXFileReference; lastKnownFileType = text.plist.entitlements; path = DDMemo.entitlements; sourceTree = "<group>"; };
		FB6752FE20B522CB00FEBF13 /* DDMemoWiget.entitlements */ = {isa = PBXFileReference; lastKnownFileType = text.plist.entitlements; path = DDMemoWiget.entitlements; sourceTree = "<group>"; };
		FB67530F20B54E0200FEBF13 /* Memo+CoreDataProperties.m */ = {isa = PBXFileReference; fileEncoding = 4; lastKnownFileType = sourcecode.c.objc; path = "Memo+CoreDataProperties.m"; sourceTree = "<group>"; };
		FB67531020B54E0300FEBF13 /* Memo+CoreDataProperties.h */ = {isa = PBXFileReference; fileEncoding = 4; lastKnownFileType = sourcecode.c.h; path = "Memo+CoreDataProperties.h"; sourceTree = "<group>"; };
		FB67531120B54E0300FEBF13 /* Memo+CoreDataClass.h */ = {isa = PBXFileReference; fileEncoding = 4; lastKnownFileType = sourcecode.c.h; path = "Memo+CoreDataClass.h"; sourceTree = "<group>"; };
		FB67531220B54E0300FEBF13 /* Memo+CoreDataClass.m */ = {isa = PBXFileReference; fileEncoding = 4; lastKnownFileType = sourcecode.c.objc; path = "Memo+CoreDataClass.m"; sourceTree = "<group>"; };
		FB702D2F20AE6BA1000E575B /* HomeController.m */ = {isa = PBXFileReference; fileEncoding = 4; lastKnownFileType = sourcecode.c.objc; path = HomeController.m; sourceTree = "<group>"; };
		FB702D3020AE6BA1000E575B /* HomeController.h */ = {isa = PBXFileReference; fileEncoding = 4; lastKnownFileType = sourcecode.c.h; path = HomeController.h; sourceTree = "<group>"; };
		FB702D3420AE6BA1000E575B /* BaseViewController.m */ = {isa = PBXFileReference; fileEncoding = 4; lastKnownFileType = sourcecode.c.objc; path = BaseViewController.m; sourceTree = "<group>"; };
		FB702D3520AE6BA1000E575B /* BaseNavController.h */ = {isa = PBXFileReference; fileEncoding = 4; lastKnownFileType = sourcecode.c.h; path = BaseNavController.h; sourceTree = "<group>"; };
		FB702D3620AE6BA1000E575B /* BaseNavController.m */ = {isa = PBXFileReference; fileEncoding = 4; lastKnownFileType = sourcecode.c.objc; path = BaseNavController.m; sourceTree = "<group>"; };
		FB702D3720AE6BA1000E575B /* BaseViewController.h */ = {isa = PBXFileReference; fileEncoding = 4; lastKnownFileType = sourcecode.c.h; path = BaseViewController.h; sourceTree = "<group>"; };
		FB702D3D20AE7B0B000E575B /* DDCalendarAppearance.h */ = {isa = PBXFileReference; lastKnownFileType = sourcecode.c.h; path = DDCalendarAppearance.h; sourceTree = "<group>"; };
		FB702D3E20AE7B0B000E575B /* DDCalendarAppearance.m */ = {isa = PBXFileReference; lastKnownFileType = sourcecode.c.objc; path = DDCalendarAppearance.m; sourceTree = "<group>"; };
		FB702D4020AE7F2D000E575B /* DDCalendarEventSource.h */ = {isa = PBXFileReference; lastKnownFileType = sourcecode.c.h; path = DDCalendarEventSource.h; sourceTree = "<group>"; };
		FB702D4120AE7F53000E575B /* DDCalendarManager.h */ = {isa = PBXFileReference; lastKnownFileType = sourcecode.c.h; path = DDCalendarManager.h; sourceTree = "<group>"; };
		FB702D4220AE7F53000E575B /* DDCalendarManager.m */ = {isa = PBXFileReference; lastKnownFileType = sourcecode.c.objc; path = DDCalendarManager.m; sourceTree = "<group>"; };
		FB702D4420AE7F83000E575B /* DDCalendarScrollView.h */ = {isa = PBXFileReference; lastKnownFileType = sourcecode.c.h; path = DDCalendarScrollView.h; sourceTree = "<group>"; };
		FB702D4520AE7F83000E575B /* DDCalendarScrollView.m */ = {isa = PBXFileReference; lastKnownFileType = sourcecode.c.objc; path = DDCalendarScrollView.m; sourceTree = "<group>"; };
		FB702D4720AE7FA2000E575B /* DDCalendarContentView.h */ = {isa = PBXFileReference; lastKnownFileType = sourcecode.c.h; path = DDCalendarContentView.h; sourceTree = "<group>"; };
		FB702D4820AE7FA2000E575B /* DDCalendarContentView.m */ = {isa = PBXFileReference; lastKnownFileType = sourcecode.c.objc; path = DDCalendarContentView.m; sourceTree = "<group>"; };
		FB702D4A20AE7FC4000E575B /* DDCalendarCollectionViewFlowLayout.h */ = {isa = PBXFileReference; lastKnownFileType = sourcecode.c.h; path = DDCalendarCollectionViewFlowLayout.h; sourceTree = "<group>"; };
		FB702D4B20AE7FC4000E575B /* DDCalendarCollectionViewFlowLayout.m */ = {isa = PBXFileReference; lastKnownFileType = sourcecode.c.objc; path = DDCalendarCollectionViewFlowLayout.m; sourceTree = "<group>"; };
		FB702D4D20AE7FEE000E575B /* DDCalendarCollectionCell.h */ = {isa = PBXFileReference; lastKnownFileType = sourcecode.c.h; path = DDCalendarCollectionCell.h; sourceTree = "<group>"; };
		FB702D4E20AE7FEE000E575B /* DDCalendarCollectionCell.m */ = {isa = PBXFileReference; lastKnownFileType = sourcecode.c.objc; path = DDCalendarCollectionCell.m; sourceTree = "<group>"; };
		FB702D5020AE8006000E575B /* DDCalendarDayItem.h */ = {isa = PBXFileReference; lastKnownFileType = sourcecode.c.h; path = DDCalendarDayItem.h; sourceTree = "<group>"; };
		FB702D5120AE8006000E575B /* DDCalendarDayItem.m */ = {isa = PBXFileReference; lastKnownFileType = sourcecode.c.objc; path = DDCalendarDayItem.m; sourceTree = "<group>"; };
		FB702D5320AE80AD000E575B /* DDCalendarWeekDayView.h */ = {isa = PBXFileReference; lastKnownFileType = sourcecode.c.h; path = DDCalendarWeekDayView.h; sourceTree = "<group>"; };
		FB702D5420AE80AD000E575B /* DDCalendarWeekDayView.m */ = {isa = PBXFileReference; lastKnownFileType = sourcecode.c.objc; path = DDCalendarWeekDayView.m; sourceTree = "<group>"; };
		FB702D5620AE8453000E575B /* DDCircleView.h */ = {isa = PBXFileReference; lastKnownFileType = sourcecode.c.h; path = DDCircleView.h; sourceTree = "<group>"; };
		FB702D5720AE8453000E575B /* DDCircleView.m */ = {isa = PBXFileReference; lastKnownFileType = sourcecode.c.objc; path = DDCircleView.m; sourceTree = "<group>"; };
		FB702D5920AE8C1F000E575B /* PrefixHeader.pch */ = {isa = PBXFileReference; lastKnownFileType = sourcecode.c.h; path = PrefixHeader.pch; sourceTree = "<group>"; };
		FB702D7A20AFD008000E575B /* Macro.h */ = {isa = PBXFileReference; lastKnownFileType = sourcecode.c.h; path = Macro.h; sourceTree = "<group>"; };
		FB702D7B20AFE99A000E575B /* AddMemoView.h */ = {isa = PBXFileReference; lastKnownFileType = sourcecode.c.h; path = AddMemoView.h; sourceTree = "<group>"; };
		FB702D7C20AFE99A000E575B /* AddMemoView.m */ = {isa = PBXFileReference; lastKnownFileType = sourcecode.c.objc; path = AddMemoView.m; sourceTree = "<group>"; };
		FB702D7E20AFE9A1000E575B /* AddMemoView.xib */ = {isa = PBXFileReference; lastKnownFileType = file.xib; path = AddMemoView.xib; sourceTree = "<group>"; };
		FB702D8020AFEB26000E575B /* NSObject+Initializtion.h */ = {isa = PBXFileReference; lastKnownFileType = sourcecode.c.h; path = "NSObject+Initializtion.h"; sourceTree = "<group>"; };
		FB702D8120AFEB26000E575B /* NSObject+Initializtion.m */ = {isa = PBXFileReference; lastKnownFileType = sourcecode.c.objc; path = "NSObject+Initializtion.m"; sourceTree = "<group>"; };
		FB702D8320AFEB8B000E575B /* UIView+Category.h */ = {isa = PBXFileReference; lastKnownFileType = sourcecode.c.h; path = "UIView+Category.h"; sourceTree = "<group>"; };
		FB702D8420AFEB8B000E575B /* UIView+Category.m */ = {isa = PBXFileReference; lastKnownFileType = sourcecode.c.objc; path = "UIView+Category.m"; sourceTree = "<group>"; };
		FB702D9620B2A2B8000E575B /* CardScrollView.m */ = {isa = PBXFileReference; fileEncoding = 4; lastKnownFileType = sourcecode.c.objc; path = CardScrollView.m; sourceTree = "<group>"; };
		FB702D9720B2A2B8000E575B /* CardScrollView.h */ = {isa = PBXFileReference; fileEncoding = 4; lastKnownFileType = sourcecode.c.h; path = CardScrollView.h; sourceTree = "<group>"; };
		FB702D9920B2A58C000E575B /* UIBarButtonItem+Extension.h */ = {isa = PBXFileReference; lastKnownFileType = sourcecode.c.h; path = "UIBarButtonItem+Extension.h"; sourceTree = "<group>"; };
		FB702D9A20B2A58C000E575B /* UIBarButtonItem+Extension.m */ = {isa = PBXFileReference; lastKnownFileType = sourcecode.c.objc; path = "UIBarButtonItem+Extension.m"; sourceTree = "<group>"; };
		FB702D9C20B2B335000E575B /* EventCell.h */ = {isa = PBXFileReference; lastKnownFileType = sourcecode.c.h; path = EventCell.h; sourceTree = "<group>"; };
		FB702D9D20B2B335000E575B /* EventCell.m */ = {isa = PBXFileReference; lastKnownFileType = sourcecode.c.objc; path = EventCell.m; sourceTree = "<group>"; };
		FB702D9E20B2B335000E575B /* EventCell.xib */ = {isa = PBXFileReference; lastKnownFileType = file.xib; path = EventCell.xib; sourceTree = "<group>"; };
		FB702DDE20B2BE2C000E575B /* DDMemoWiget.appex */ = {isa = PBXFileReference; explicitFileType = "wrapper.app-extension"; includeInIndex = 0; path = DDMemoWiget.appex; sourceTree = BUILT_PRODUCTS_DIR; };
		FB702DDF20B2BE2C000E575B /* NotificationCenter.framework */ = {isa = PBXFileReference; lastKnownFileType = wrapper.framework; name = NotificationCenter.framework; path = System/Library/Frameworks/NotificationCenter.framework; sourceTree = SDKROOT; };
		FB702DE220B2BE2C000E575B /* TodayViewController.h */ = {isa = PBXFileReference; lastKnownFileType = sourcecode.c.h; path = TodayViewController.h; sourceTree = "<group>"; };
		FB702DE320B2BE2C000E575B /* TodayViewController.m */ = {isa = PBXFileReference; lastKnownFileType = sourcecode.c.objc; path = TodayViewController.m; sourceTree = "<group>"; };
		FB702DE820B2BE2C000E575B /* Info.plist */ = {isa = PBXFileReference; lastKnownFileType = text.plist.xml; path = Info.plist; sourceTree = "<group>"; };
		FBF12D9E20AD90B0006194C6 /* DDMemo.app */ = {isa = PBXFileReference; explicitFileType = wrapper.application; includeInIndex = 0; path = DDMemo.app; sourceTree = BUILT_PRODUCTS_DIR; };
		FBF12DA120AD90B0006194C6 /* AppDelegate.h */ = {isa = PBXFileReference; lastKnownFileType = sourcecode.c.h; path = AppDelegate.h; sourceTree = "<group>"; };
		FBF12DA220AD90B1006194C6 /* AppDelegate.m */ = {isa = PBXFileReference; lastKnownFileType = sourcecode.c.objc; path = AppDelegate.m; sourceTree = "<group>"; };
		FBF12DA820AD90B1006194C6 /* Base */ = {isa = PBXFileReference; lastKnownFileType = file.storyboard; name = Base; path = Base.lproj/Main.storyboard; sourceTree = "<group>"; };
		FBF12DAB20AD90B1006194C6 /* DDMemo.xcdatamodel */ = {isa = PBXFileReference; lastKnownFileType = wrapper.xcdatamodel; path = DDMemo.xcdatamodel; sourceTree = "<group>"; };
		FBF12DAD20AD90B1006194C6 /* Assets.xcassets */ = {isa = PBXFileReference; lastKnownFileType = folder.assetcatalog; path = Assets.xcassets; sourceTree = "<group>"; };
		FBF12DB020AD90B1006194C6 /* Base */ = {isa = PBXFileReference; lastKnownFileType = file.storyboard; name = Base; path = Base.lproj/LaunchScreen.storyboard; sourceTree = "<group>"; };
		FBF12DB220AD90B1006194C6 /* Info.plist */ = {isa = PBXFileReference; lastKnownFileType = text.plist.xml; path = Info.plist; sourceTree = "<group>"; };
		FBF12DB320AD90B1006194C6 /* main.m */ = {isa = PBXFileReference; lastKnownFileType = sourcecode.c.objc; path = main.m; sourceTree = "<group>"; };
/* End PBXFileReference section */

/* Begin PBXFrameworksBuildPhase section */
		FB702DDB20B2BE2C000E575B /* Frameworks */ = {
			isa = PBXFrameworksBuildPhase;
			buildActionMask = 2147483647;
			files = (
				FB702DE020B2BE2C000E575B /* NotificationCenter.framework in Frameworks */,
			);
			runOnlyForDeploymentPostprocessing = 0;
		};
		FBF12D9B20AD90B0006194C6 /* Frameworks */ = {
			isa = PBXFrameworksBuildPhase;
			buildActionMask = 2147483647;
			files = (
				87C70FAE4B4E5E8038903CDC /* libPods-DDMemo.a in Frameworks */,
			);
			runOnlyForDeploymentPostprocessing = 0;
		};
/* End PBXFrameworksBuildPhase section */

/* Begin PBXGroup section */
		12C5B4DEA29162B816FCDD80 /* Pods */ = {
			isa = PBXGroup;
			children = (
				D87CFA456EA7A0EAF805F15A /* Pods-DDMemo.debug.xcconfig */,
				0E310246520CF9CC39468F27 /* Pods-DDMemo.release.xcconfig */,
			);
			name = Pods;
			sourceTree = "<group>";
		};
		5D384E2BCBD79EDFB0EBE7E9 /* Frameworks */ = {
			isa = PBXGroup;
			children = (
				2591813F1161428E98B66CAC /* libPods-DDMemo.a */,
				FB702DDF20B2BE2C000E575B /* NotificationCenter.framework */,
			);
			name = Frameworks;
			sourceTree = "<group>";
		};
		FB531C5020B40222007D013B /* Coredata */ = {
			isa = PBXGroup;
			children = (
				FB67531020B54E0300FEBF13 /* Memo+CoreDataProperties.h */,
				FB67531120B54E0300FEBF13 /* Memo+CoreDataClass.h */,
				FB67531220B54E0300FEBF13 /* Memo+CoreDataClass.m */,
				FB67530F20B54E0200FEBF13 /* Memo+CoreDataProperties.m */,
			);
			path = Coredata;
			sourceTree = "<group>";
		};
		FB531C6020B426D1007D013B /* Resource */ = {
			isa = PBXGroup;
			children = (
				FB531C6120B426D1007D013B /* Sound */,
			);
			path = Resource;
			sourceTree = "<group>";
		};
		FB531C6120B426D1007D013B /* Sound */ = {
			isa = PBXGroup;
			children = (
				FB531C7820B4292B007D013B /* 吓死寡人.wav */,
				FB531C7620B42919007D013B /* 优美口哨.wav */,
				FB531C7420B428FF007D013B /* 穿透力.wav */,
				FB531C7220B428F4007D013B /* 大喇叭.wav */,
				FB531C7020B428E4007D013B /* 滴滴哒哒.wav */,
				FB531C6E20B428C7007D013B /* 非常有趣.wav */,
				FB531C6C20B428B9007D013B /* 人间仙境.wav */,
				FB531C6A20B428AC007D013B /* 超可爱.wav */,
				FB531C6820B4289E007D013B /* 水晶音乐.wav */,
				FB531C6620B42892007D013B /* 萨克斯金曲.wav */,
				FB531C6420B4286B007D013B /* 屋内听雨.wav */,
				FB531C6220B426DA007D013B /* 震耳欲聋.wav */,
			);
			path = Sound;
			sourceTree = "<group>";
		};
		FB702D2920AE6BA1000E575B /* Classes */ = {
			isa = PBXGroup;
			children = (
				FB531C5020B40222007D013B /* Coredata */,
				FB702D2A20AE6BA1000E575B /* Other */,
				FB702D2E20AE6BA1000E575B /* Controller */,
				FB702D3120AE6BA1000E575B /* Model */,
				FB702D3220AE6BA1000E575B /* View */,
				FB702D3320AE6BA1000E575B /* Base */,
			);
			path = Classes;
			sourceTree = "<group>";
		};
		FB702D2A20AE6BA1000E575B /* Other */ = {
			isa = PBXGroup;
			children = (
				FB531C6020B426D1007D013B /* Resource */,
				FB702D8B20B29D22000E575B /* Vendor */,
				FB702D3B20AE7951000E575B /* Custom */,
				FB702D2B20AE6BA1000E575B /* Category */,
				FB702D2C20AE6BA1000E575B /* Util */,
				FB702D2D20AE6BA1000E575B /* Macro */,
				FB702D5920AE8C1F000E575B /* PrefixHeader.pch */,
			);
			path = Other;
			sourceTree = "<group>";
		};
		FB702D2B20AE6BA1000E575B /* Category */ = {
			isa = PBXGroup;
			children = (
				FB702D8020AFEB26000E575B /* NSObject+Initializtion.h */,
				FB702D8120AFEB26000E575B /* NSObject+Initializtion.m */,
				FB702D8320AFEB8B000E575B /* UIView+Category.h */,
				FB702D8420AFEB8B000E575B /* UIView+Category.m */,
				FB702D9920B2A58C000E575B /* UIBarButtonItem+Extension.h */,
				FB702D9A20B2A58C000E575B /* UIBarButtonItem+Extension.m */,
				FB531C4D20B3C16E007D013B /* NSString+Extension.h */,
				FB531C4E20B3C16E007D013B /* NSString+Extension.m */,
				FB531C5D20B41693007D013B /* NSDate+Extension.h */,
				FB531C5E20B41693007D013B /* NSDate+Extension.m */,
			);
			path = Category;
			sourceTree = "<group>";
		};
		FB702D2C20AE6BA1000E575B /* Util */ = {
			isa = PBXGroup;
			children = (
			);
			path = Util;
			sourceTree = "<group>";
		};
		FB702D2D20AE6BA1000E575B /* Macro */ = {
			isa = PBXGroup;
			children = (
				FB702D7A20AFD008000E575B /* Macro.h */,
			);
			path = Macro;
			sourceTree = "<group>";
		};
		FB702D2E20AE6BA1000E575B /* Controller */ = {
			isa = PBXGroup;
			children = (
				FB702D2F20AE6BA1000E575B /* HomeController.m */,
				FB702D3020AE6BA1000E575B /* HomeController.h */,
			);
			path = Controller;
			sourceTree = "<group>";
		};
		FB702D3120AE6BA1000E575B /* Model */ = {
			isa = PBXGroup;
			children = (
			);
			path = Model;
			sourceTree = "<group>";
		};
		FB702D3220AE6BA1000E575B /* View */ = {
			isa = PBXGroup;
			children = (
				FB702D7B20AFE99A000E575B /* AddMemoView.h */,
				FB702D7C20AFE99A000E575B /* AddMemoView.m */,
				FB702D7E20AFE9A1000E575B /* AddMemoView.xib */,
				FB702D9C20B2B335000E575B /* EventCell.h */,
				FB702D9D20B2B335000E575B /* EventCell.m */,
				FB702D9E20B2B335000E575B /* EventCell.xib */,
			);
			path = View;
			sourceTree = "<group>";
		};
		FB702D3320AE6BA1000E575B /* Base */ = {
			isa = PBXGroup;
			children = (
				FB702D3420AE6BA1000E575B /* BaseViewController.m */,
				FB702D3520AE6BA1000E575B /* BaseNavController.h */,
				FB702D3620AE6BA1000E575B /* BaseNavController.m */,
				FB702D3720AE6BA1000E575B /* BaseViewController.h */,
			);
			path = Base;
			sourceTree = "<group>";
		};
		FB702D3B20AE7951000E575B /* Custom */ = {
			isa = PBXGroup;
			children = (
				FB702D9520B2A2B8000E575B /* CardScrollView */,
				FB702D3C20AE7969000E575B /* DDCalendar */,
			);
			path = Custom;
			sourceTree = "<group>";
		};
		FB702D3C20AE7969000E575B /* DDCalendar */ = {
			isa = PBXGroup;
			children = (
				FB702D4020AE7F2D000E575B /* DDCalendarEventSource.h */,
				FB702D3D20AE7B0B000E575B /* DDCalendarAppearance.h */,
				FB702D3E20AE7B0B000E575B /* DDCalendarAppearance.m */,
				FB702D4120AE7F53000E575B /* DDCalendarManager.h */,
				FB702D4220AE7F53000E575B /* DDCalendarManager.m */,
				FB702D4420AE7F83000E575B /* DDCalendarScrollView.h */,
				FB702D4520AE7F83000E575B /* DDCalendarScrollView.m */,
				FB702D4720AE7FA2000E575B /* DDCalendarContentView.h */,
				FB702D4820AE7FA2000E575B /* DDCalendarContentView.m */,
				FB702D4A20AE7FC4000E575B /* DDCalendarCollectionViewFlowLayout.h */,
				FB702D4B20AE7FC4000E575B /* DDCalendarCollectionViewFlowLayout.m */,
				FB702D4D20AE7FEE000E575B /* DDCalendarCollectionCell.h */,
				FB702D4E20AE7FEE000E575B /* DDCalendarCollectionCell.m */,
				FB702D5020AE8006000E575B /* DDCalendarDayItem.h */,
				FB702D5120AE8006000E575B /* DDCalendarDayItem.m */,
				FB702D5320AE80AD000E575B /* DDCalendarWeekDayView.h */,
				FB702D5420AE80AD000E575B /* DDCalendarWeekDayView.m */,
				FB702D5620AE8453000E575B /* DDCircleView.h */,
				FB702D5720AE8453000E575B /* DDCircleView.m */,
			);
			path = DDCalendar;
			sourceTree = "<group>";
		};
		FB702D8B20B29D22000E575B /* Vendor */ = {
			isa = PBXGroup;
			children = (
			);
			path = Vendor;
			sourceTree = "<group>";
		};
		FB702D9520B2A2B8000E575B /* CardScrollView */ = {
			isa = PBXGroup;
			children = (
				FB702D9620B2A2B8000E575B /* CardScrollView.m */,
				FB702D9720B2A2B8000E575B /* CardScrollView.h */,
			);
			path = CardScrollView;
			sourceTree = "<group>";
		};
		FB702DE120B2BE2C000E575B /* DDMemoWiget */ = {
			isa = PBXGroup;
			children = (
				FB6752FE20B522CB00FEBF13 /* DDMemoWiget.entitlements */,
				FB702DE220B2BE2C000E575B /* TodayViewController.h */,
				FB702DE320B2BE2C000E575B /* TodayViewController.m */,
				FB702DE820B2BE2C000E575B /* Info.plist */,
			);
			path = DDMemoWiget;
			sourceTree = "<group>";
		};
		FBF12D9520AD90B0006194C6 = {
			isa = PBXGroup;
			children = (
				FBF12DA020AD90B0006194C6 /* DDMemo */,
				FB702DE120B2BE2C000E575B /* DDMemoWiget */,
				FBF12D9F20AD90B0006194C6 /* Products */,
				12C5B4DEA29162B816FCDD80 /* Pods */,
				5D384E2BCBD79EDFB0EBE7E9 /* Frameworks */,
			);
			sourceTree = "<group>";
		};
		FBF12D9F20AD90B0006194C6 /* Products */ = {
			isa = PBXGroup;
			children = (
				FBF12D9E20AD90B0006194C6 /* DDMemo.app */,
				FB702DDE20B2BE2C000E575B /* DDMemoWiget.appex */,
			);
			name = Products;
			sourceTree = "<group>";
		};
		FBF12DA020AD90B0006194C6 /* DDMemo */ = {
			isa = PBXGroup;
			children = (
				FB6752FD20B5226700FEBF13 /* DDMemo.entitlements */,
				FB702D2920AE6BA1000E575B /* Classes */,
				FBF12DA120AD90B0006194C6 /* AppDelegate.h */,
				FBF12DA220AD90B1006194C6 /* AppDelegate.m */,
				FBF12DA720AD90B1006194C6 /* Main.storyboard */,
				FBF12DAD20AD90B1006194C6 /* Assets.xcassets */,
				FBF12DAF20AD90B1006194C6 /* LaunchScreen.storyboard */,
				FBF12DB220AD90B1006194C6 /* Info.plist */,
				FBF12DB320AD90B1006194C6 /* main.m */,
				FBF12DAA20AD90B1006194C6 /* DDMemo.xcdatamodeld */,
			);
			path = DDMemo;
			sourceTree = "<group>";
		};
/* End PBXGroup section */

/* Begin PBXNativeTarget section */
		FB702DDD20B2BE2C000E575B /* DDMemoWiget */ = {
			isa = PBXNativeTarget;
			buildConfigurationList = FB702DEC20B2BE2C000E575B /* Build configuration list for PBXNativeTarget "DDMemoWiget" */;
			buildPhases = (
				FB702DDA20B2BE2C000E575B /* Sources */,
				FB702DDB20B2BE2C000E575B /* Frameworks */,
				FB702DDC20B2BE2C000E575B /* Resources */,
			);
			buildRules = (
			);
			dependencies = (
			);
			name = DDMemoWiget;
			productName = DDMemoWiget;
			productReference = FB702DDE20B2BE2C000E575B /* DDMemoWiget.appex */;
			productType = "com.apple.product-type.app-extension";
		};
		FBF12D9D20AD90B0006194C6 /* DDMemo */ = {
			isa = PBXNativeTarget;
			buildConfigurationList = FBF12DB720AD90B1006194C6 /* Build configuration list for PBXNativeTarget "DDMemo" */;
			buildPhases = (
				618CFD8A2274242FBCEDBF6A /* [CP] Check Pods Manifest.lock */,
				FBF12D9A20AD90B0006194C6 /* Sources */,
				FBF12D9B20AD90B0006194C6 /* Frameworks */,
				FBF12D9C20AD90B0006194C6 /* Resources */,
				8CE0263C5BAE6CE9D1772D71 /* [CP] Embed Pods Frameworks */,
				A1252A4EE3FE3ADE945081ED /* [CP] Copy Pods Resources */,
				FB702DEF20B2BE2C000E575B /* Embed App Extensions */,
			);
			buildRules = (
			);
			dependencies = (
				FB702DEA20B2BE2C000E575B /* PBXTargetDependency */,
			);
			name = DDMemo;
			productName = DDMemo;
			productReference = FBF12D9E20AD90B0006194C6 /* DDMemo.app */;
			productType = "com.apple.product-type.application";
		};
/* End PBXNativeTarget section */

/* Begin PBXProject section */
		FBF12D9620AD90B0006194C6 /* Project object */ = {
			isa = PBXProject;
			attributes = {
				LastUpgradeCheck = 0910;
				ORGANIZATIONNAME = "丁远帅";
				TargetAttributes = {
					FB702DDD20B2BE2C000E575B = {
						CreatedOnToolsVersion = 9.1;
						ProvisioningStyle = Manual;
						SystemCapabilities = {
							com.apple.ApplicationGroups.iOS = {
								enabled = 1;
							};
						};
					};
					FBF12D9D20AD90B0006194C6 = {
						CreatedOnToolsVersion = 9.1;
						ProvisioningStyle = Manual;
						SystemCapabilities = {
							com.apple.ApplicationGroups.iOS = {
								enabled = 1;
							};
						};
					};
				};
			};
			buildConfigurationList = FBF12D9920AD90B0006194C6 /* Build configuration list for PBXProject "DDMemo" */;
			compatibilityVersion = "Xcode 8.0";
			developmentRegion = en;
			hasScannedForEncodings = 0;
			knownRegions = (
				en,
				Base,
			);
			mainGroup = FBF12D9520AD90B0006194C6;
			productRefGroup = FBF12D9F20AD90B0006194C6 /* Products */;
			projectDirPath = "";
			projectRoot = "";
			targets = (
				FBF12D9D20AD90B0006194C6 /* DDMemo */,
				FB702DDD20B2BE2C000E575B /* DDMemoWiget */,
			);
		};
/* End PBXProject section */

/* Begin PBXResourcesBuildPhase section */
		FB702DDC20B2BE2C000E575B /* Resources */ = {
			isa = PBXResourcesBuildPhase;
			buildActionMask = 2147483647;
			files = (
			);
			runOnlyForDeploymentPostprocessing = 0;
		};
		FBF12D9C20AD90B0006194C6 /* Resources */ = {
			isa = PBXResourcesBuildPhase;
			buildActionMask = 2147483647;
			files = (
				FB531C6B20B428AC007D013B /* 超可爱.wav in Resources */,
				FBF12DB120AD90B1006194C6 /* LaunchScreen.storyboard in Resources */,
				FB531C6920B4289F007D013B /* 水晶音乐.wav in Resources */,
				FBF12DAE20AD90B1006194C6 /* Assets.xcassets in Resources */,
				FB531C6720B42892007D013B /* 萨克斯金曲.wav in Resources */,
				FB531C7720B42919007D013B /* 优美口哨.wav in Resources */,
				FB531C7120B428E4007D013B /* 滴滴哒哒.wav in Resources */,
				FB702D7F20AFE9A1000E575B /* AddMemoView.xib in Resources */,
				FB531C7920B4292B007D013B /* 吓死寡人.wav in Resources */,
				FB531C6F20B428C7007D013B /* 非常有趣.wav in Resources */,
				FB531C6320B426DA007D013B /* 震耳欲聋.wav in Resources */,
				FB702DA020B2B335000E575B /* EventCell.xib in Resources */,
				FBF12DA920AD90B1006194C6 /* Main.storyboard in Resources */,
				FB531C6520B4286B007D013B /* 屋内听雨.wav in Resources */,
				FB531C7520B428FF007D013B /* 穿透力.wav in Resources */,
				FB531C7320B428F4007D013B /* 大喇叭.wav in Resources */,
				FB531C6D20B428B9007D013B /* 人间仙境.wav in Resources */,
			);
			runOnlyForDeploymentPostprocessing = 0;
		};
/* End PBXResourcesBuildPhase section */

/* Begin PBXShellScriptBuildPhase section */
		618CFD8A2274242FBCEDBF6A /* [CP] Check Pods Manifest.lock */ = {
			isa = PBXShellScriptBuildPhase;
			buildActionMask = 2147483647;
			files = (
			);
			inputPaths = (
				"${PODS_PODFILE_DIR_PATH}/Podfile.lock",
				"${PODS_ROOT}/Manifest.lock",
			);
			name = "[CP] Check Pods Manifest.lock";
			outputPaths = (
				"$(DERIVED_FILE_DIR)/Pods-DDMemo-checkManifestLockResult.txt",
			);
			runOnlyForDeploymentPostprocessing = 0;
			shellPath = /bin/sh;
			shellScript = "diff \"${PODS_PODFILE_DIR_PATH}/Podfile.lock\" \"${PODS_ROOT}/Manifest.lock\" > /dev/null\nif [ $? != 0 ] ; then\n    # print error to STDERR\n    echo \"error: The sandbox is not in sync with the Podfile.lock. Run 'pod install' or update your CocoaPods installation.\" >&2\n    exit 1\nfi\n# This output is used by Xcode 'outputs' to avoid re-running this script phase.\necho \"SUCCESS\" > \"${SCRIPT_OUTPUT_FILE_0}\"\n";
			showEnvVarsInLog = 0;
		};
		8CE0263C5BAE6CE9D1772D71 /* [CP] Embed Pods Frameworks */ = {
			isa = PBXShellScriptBuildPhase;
			buildActionMask = 2147483647;
			files = (
			);
			inputPaths = (
			);
			name = "[CP] Embed Pods Frameworks";
			outputPaths = (
			);
			runOnlyForDeploymentPostprocessing = 0;
			shellPath = /bin/sh;
			shellScript = "\"${SRCROOT}/Pods/Target Support Files/Pods-DDMemo/Pods-DDMemo-frameworks.sh\"\n";
			showEnvVarsInLog = 0;
		};
		A1252A4EE3FE3ADE945081ED /* [CP] Copy Pods Resources */ = {
			isa = PBXShellScriptBuildPhase;
			buildActionMask = 2147483647;
			files = (
			);
			inputPaths = (
				"${SRCROOT}/Pods/Target Support Files/Pods-DDMemo/Pods-DDMemo-resources.sh",
				"${PODS_ROOT}/BRPickerView/BRPickerView/AddressPickerView/BRPickerView.bundle",
				"${PODS_ROOT}/IQKeyboardManager/IQKeyboardManager/Resources/IQKeyboardManager.bundle",
				"${PODS_ROOT}/SVProgressHUD/SVProgressHUD/SVProgressHUD.bundle",
			);
			name = "[CP] Copy Pods Resources";
			outputPaths = (
				"${TARGET_BUILD_DIR}/${UNLOCALIZED_RESOURCES_FOLDER_PATH}",
			);
			runOnlyForDeploymentPostprocessing = 0;
			shellPath = /bin/sh;
			shellScript = "\"${SRCROOT}/Pods/Target Support Files/Pods-DDMemo/Pods-DDMemo-resources.sh\"\n";
			showEnvVarsInLog = 0;
		};
/* End PBXShellScriptBuildPhase section */

/* Begin PBXSourcesBuildPhase section */
		FB702DDA20B2BE2C000E575B /* Sources */ = {
			isa = PBXSourcesBuildPhase;
			buildActionMask = 2147483647;
			files = (
				FB702DE420B2BE2C000E575B /* TodayViewController.m in Sources */,
				FB67531620B54F0F00FEBF13 /* Memo+CoreDataClass.m in Sources */,
				FB67530820B54C8600FEBF13 /* DDMemo.xcdatamodeld in Sources */,
				FB67531520B54F0C00FEBF13 /* Memo+CoreDataProperties.m in Sources */,
			);
			runOnlyForDeploymentPostprocessing = 0;
		};
		FBF12D9A20AD90B0006194C6 /* Sources */ = {
			isa = PBXSourcesBuildPhase;
			buildActionMask = 2147483647;
			files = (
				FB702D3820AE6BA1000E575B /* HomeController.m in Sources */,
				FB702D9F20B2B335000E575B /* EventCell.m in Sources */,
				FB702D8220AFEB26000E575B /* NSObject+Initializtion.m in Sources */,
				FB702D3F20AE7B0B000E575B /* DDCalendarAppearance.m in Sources */,
				FB702D4620AE7F83000E575B /* DDCalendarScrollView.m in Sources */,
				FB67531320B54E0300FEBF13 /* Memo+CoreDataProperties.m in Sources */,
				FB702D9B20B2A58C000E575B /* UIBarButtonItem+Extension.m in Sources */,
				FB702D5820AE8453000E575B /* DDCircleView.m in Sources */,
				FB702D4F20AE7FEE000E575B /* DDCalendarCollectionCell.m in Sources */,
				FB67531420B54E0300FEBF13 /* Memo+CoreDataClass.m in Sources */,
				FB702D3920AE6BA1000E575B /* BaseViewController.m in Sources */,
				FB702D4320AE7F53000E575B /* DDCalendarManager.m in Sources */,
				FB702D3A20AE6BA1000E575B /* BaseNavController.m in Sources */,
				FB702D9820B2A2B8000E575B /* CardScrollView.m in Sources */,
				FB702D5520AE80AD000E575B /* DDCalendarWeekDayView.m in Sources */,
				FB702D8520AFEB8B000E575B /* UIView+Category.m in Sources */,
				FB702D4920AE7FA2000E575B /* DDCalendarContentView.m in Sources */,
				FB531C5F20B41693007D013B /* NSDate+Extension.m in Sources */,
				FB531C4F20B3C16E007D013B /* NSString+Extension.m in Sources */,
				FB702D7D20AFE99A000E575B /* AddMemoView.m in Sources */,
				FBF12DAC20AD90B1006194C6 /* DDMemo.xcdatamodeld in Sources */,
				FB702D5220AE8006000E575B /* DDCalendarDayItem.m in Sources */,
				FBF12DB420AD90B1006194C6 /* main.m in Sources */,
				FB702D4C20AE7FC4000E575B /* DDCalendarCollectionViewFlowLayout.m in Sources */,
				FBF12DA320AD90B1006194C6 /* AppDelegate.m in Sources */,
			);
			runOnlyForDeploymentPostprocessing = 0;
		};
/* End PBXSourcesBuildPhase section */

/* Begin PBXTargetDependency section */
		FB702DEA20B2BE2C000E575B /* PBXTargetDependency */ = {
			isa = PBXTargetDependency;
			target = FB702DDD20B2BE2C000E575B /* DDMemoWiget */;
			targetProxy = FB702DE920B2BE2C000E575B /* PBXContainerItemProxy */;
		};
/* End PBXTargetDependency section */

/* Begin PBXVariantGroup section */
		FBF12DA720AD90B1006194C6 /* Main.storyboard */ = {
			isa = PBXVariantGroup;
			children = (
				FBF12DA820AD90B1006194C6 /* Base */,
			);
			name = Main.storyboard;
			sourceTree = "<group>";
		};
		FBF12DAF20AD90B1006194C6 /* LaunchScreen.storyboard */ = {
			isa = PBXVariantGroup;
			children = (
				FBF12DB020AD90B1006194C6 /* Base */,
			);
			name = LaunchScreen.storyboard;
			sourceTree = "<group>";
		};
/* End PBXVariantGroup section */

/* Begin XCBuildConfiguration section */
		FB702DED20B2BE2C000E575B /* Debug */ = {
			isa = XCBuildConfiguration;
			buildSettings = {
				APPLICATION_EXTENSION_API_ONLY = NO;
				CODE_SIGN_ENTITLEMENTS = DDMemoWiget/DDMemoWiget.entitlements;
				CODE_SIGN_STYLE = Manual;
				DEVELOPMENT_TEAM = 8L4W5XFHVG;
				INFOPLIST_FILE = DDMemoWiget/Info.plist;
				IPHONEOS_DEPLOYMENT_TARGET = 9.0;
				LD_RUNPATH_SEARCH_PATHS = "$(inherited) @executable_path/Frameworks @executable_path/../../Frameworks";
				PRODUCT_BUNDLE_IDENTIFIER = com.dys.ddmemo.DDMemoWiget;
				PRODUCT_NAME = "$(TARGET_NAME)";
				PROVISIONING_PROFILE = "6d14221c-1de4-41c1-8448-5451ea97cf79";
				PROVISIONING_PROFILE_SPECIFIER = ddmemoWidget_dev;
				SKIP_INSTALL = YES;
				TARGETED_DEVICE_FAMILY = "1,2";
			};
			name = Debug;
		};
		FB702DEE20B2BE2C000E575B /* Release */ = {
			isa = XCBuildConfiguration;
			buildSettings = {
				APPLICATION_EXTENSION_API_ONLY = NO;
				CODE_SIGN_ENTITLEMENTS = DDMemoWiget/DDMemoWiget.entitlements;
				"CODE_SIGN_IDENTITY[sdk=iphoneos*]" = "iPhone Distribution";
				CODE_SIGN_STYLE = Manual;
				DEVELOPMENT_TEAM = 8L4W5XFHVG;
				INFOPLIST_FILE = DDMemoWiget/Info.plist;
				IPHONEOS_DEPLOYMENT_TARGET = 9.0;
				LD_RUNPATH_SEARCH_PATHS = "$(inherited) @executable_path/Frameworks @executable_path/../../Frameworks";
				PRODUCT_BUNDLE_IDENTIFIER = com.dys.ddmemo.DDMemoWiget;
				PRODUCT_NAME = "$(TARGET_NAME)";
				PROVISIONING_PROFILE = "2e099129-1549-4894-b5fe-8bffffef295e";
				PROVISIONING_PROFILE_SPECIFIER = ddmemoWiget_dis;
				SKIP_INSTALL = YES;
				TARGETED_DEVICE_FAMILY = "1,2";
			};
			name = Release;
		};
		FBF12DB520AD90B1006194C6 /* Debug */ = {
			isa = XCBuildConfiguration;
			buildSettings = {
				ALWAYS_SEARCH_USER_PATHS = NO;
				CLANG_ANALYZER_NONNULL = YES;
				CLANG_ANALYZER_NUMBER_OBJECT_CONVERSION = YES_AGGRESSIVE;
				CLANG_CXX_LANGUAGE_STANDARD = "gnu++14";
				CLANG_CXX_LIBRARY = "libc++";
				CLANG_ENABLE_MODULES = YES;
				CLANG_ENABLE_OBJC_ARC = YES;
				CLANG_WARN_BLOCK_CAPTURE_AUTORELEASING = YES;
				CLANG_WARN_BOOL_CONVERSION = YES;
				CLANG_WARN_COMMA = YES;
				CLANG_WARN_CONSTANT_CONVERSION = YES;
				CLANG_WARN_DIRECT_OBJC_ISA_USAGE = YES_ERROR;
				CLANG_WARN_DOCUMENTATION_COMMENTS = YES;
				CLANG_WARN_EMPTY_BODY = YES;
				CLANG_WARN_ENUM_CONVERSION = YES;
				CLANG_WARN_INFINITE_RECURSION = YES;
				CLANG_WARN_INT_CONVERSION = YES;
				CLANG_WARN_NON_LITERAL_NULL_CONVERSION = YES;
				CLANG_WARN_OBJC_LITERAL_CONVERSION = YES;
				CLANG_WARN_OBJC_ROOT_CLASS = YES_ERROR;
				CLANG_WARN_RANGE_LOOP_ANALYSIS = YES;
				CLANG_WARN_STRICT_PROTOTYPES = YES;
				CLANG_WARN_SUSPICIOUS_MOVE = YES;
				CLANG_WARN_UNGUARDED_AVAILABILITY = YES_AGGRESSIVE;
				CLANG_WARN_UNREACHABLE_CODE = YES;
				CLANG_WARN__DUPLICATE_METHOD_MATCH = YES;
				CODE_SIGN_IDENTITY = "iPhone Developer";
				COPY_PHASE_STRIP = NO;
				DEBUG_INFORMATION_FORMAT = dwarf;
				ENABLE_STRICT_OBJC_MSGSEND = YES;
				ENABLE_TESTABILITY = YES;
				GCC_C_LANGUAGE_STANDARD = gnu11;
				GCC_DYNAMIC_NO_PIC = NO;
				GCC_NO_COMMON_BLOCKS = YES;
				GCC_OPTIMIZATION_LEVEL = 0;
				GCC_PREPROCESSOR_DEFINITIONS = (
					"DEBUG=1",
					"$(inherited)",
				);
				GCC_WARN_64_TO_32_BIT_CONVERSION = YES;
				GCC_WARN_ABOUT_RETURN_TYPE = YES_ERROR;
				GCC_WARN_UNDECLARED_SELECTOR = YES;
				GCC_WARN_UNINITIALIZED_AUTOS = YES_AGGRESSIVE;
				GCC_WARN_UNUSED_FUNCTION = YES;
				GCC_WARN_UNUSED_VARIABLE = YES;
				IPHONEOS_DEPLOYMENT_TARGET = 11.1;
				MTL_ENABLE_DEBUG_INFO = YES;
				ONLY_ACTIVE_ARCH = YES;
				SDKROOT = iphoneos;
			};
			name = Debug;
		};
		FBF12DB620AD90B1006194C6 /* Release */ = {
			isa = XCBuildConfiguration;
			buildSettings = {
				ALWAYS_SEARCH_USER_PATHS = NO;
				CLANG_ANALYZER_NONNULL = YES;
				CLANG_ANALYZER_NUMBER_OBJECT_CONVERSION = YES_AGGRESSIVE;
				CLANG_CXX_LANGUAGE_STANDARD = "gnu++14";
				CLANG_CXX_LIBRARY = "libc++";
				CLANG_ENABLE_MODULES = YES;
				CLANG_ENABLE_OBJC_ARC = YES;
				CLANG_WARN_BLOCK_CAPTURE_AUTORELEASING = YES;
				CLANG_WARN_BOOL_CONVERSION = YES;
				CLANG_WARN_COMMA = YES;
				CLANG_WARN_CONSTANT_CONVERSION = YES;
				CLANG_WARN_DIRECT_OBJC_ISA_USAGE = YES_ERROR;
				CLANG_WARN_DOCUMENTATION_COMMENTS = YES;
				CLANG_WARN_EMPTY_BODY = YES;
				CLANG_WARN_ENUM_CONVERSION = YES;
				CLANG_WARN_INFINITE_RECURSION = YES;
				CLANG_WARN_INT_CONVERSION = YES;
				CLANG_WARN_NON_LITERAL_NULL_CONVERSION = YES;
				CLANG_WARN_OBJC_LITERAL_CONVERSION = YES;
				CLANG_WARN_OBJC_ROOT_CLASS = YES_ERROR;
				CLANG_WARN_RANGE_LOOP_ANALYSIS = YES;
				CLANG_WARN_STRICT_PROTOTYPES = YES;
				CLANG_WARN_SUSPICIOUS_MOVE = YES;
				CLANG_WARN_UNGUARDED_AVAILABILITY = YES_AGGRESSIVE;
				CLANG_WARN_UNREACHABLE_CODE = YES;
				CLANG_WARN__DUPLICATE_METHOD_MATCH = YES;
				CODE_SIGN_IDENTITY = "iPhone Developer";
				COPY_PHASE_STRIP = NO;
				DEBUG_INFORMATION_FORMAT = "dwarf-with-dsym";
				ENABLE_NS_ASSERTIONS = NO;
				ENABLE_STRICT_OBJC_MSGSEND = YES;
				GCC_C_LANGUAGE_STANDARD = gnu11;
				GCC_NO_COMMON_BLOCKS = YES;
				GCC_WARN_64_TO_32_BIT_CONVERSION = YES;
				GCC_WARN_ABOUT_RETURN_TYPE = YES_ERROR;
				GCC_WARN_UNDECLARED_SELECTOR = YES;
				GCC_WARN_UNINITIALIZED_AUTOS = YES_AGGRESSIVE;
				GCC_WARN_UNUSED_FUNCTION = YES;
				GCC_WARN_UNUSED_VARIABLE = YES;
				IPHONEOS_DEPLOYMENT_TARGET = 11.1;
				MTL_ENABLE_DEBUG_INFO = NO;
				SDKROOT = iphoneos;
				VALIDATE_PRODUCT = YES;
			};
			name = Release;
		};
		FBF12DB820AD90B1006194C6 /* Debug */ = {
			isa = XCBuildConfiguration;
			baseConfigurationReference = D87CFA456EA7A0EAF805F15A /* Pods-DDMemo.debug.xcconfig */;
			buildSettings = {
				ASSETCATALOG_COMPILER_APPICON_NAME = AppIcon;
				CODE_SIGN_ENTITLEMENTS = DDMemo/DDMemo.entitlements;
				CODE_SIGN_STYLE = Manual;
				DEVELOPMENT_TEAM = 8L4W5XFHVG;
				GCC_PREFIX_HEADER = DDMemo/Classes/Other/PrefixHeader.pch;
				INFOPLIST_FILE = DDMemo/Info.plist;
				IPHONEOS_DEPLOYMENT_TARGET = 9.0;
				LD_RUNPATH_SEARCH_PATHS = "$(inherited) @executable_path/Frameworks";
				PRODUCT_BUNDLE_IDENTIFIER = com.dys.ddmemo;
				PRODUCT_NAME = "$(TARGET_NAME)";
				PROVISIONING_PROFILE = "06370a6d-d03d-4671-819a-d5bc9d96502d";
				PROVISIONING_PROFILE_SPECIFIER = ddmemo_dev;
				TARGETED_DEVICE_FAMILY = "1,2";
			};
			name = Debug;
		};
		FBF12DB920AD90B1006194C6 /* Release */ = {
			isa = XCBuildConfiguration;
			baseConfigurationReference = 0E310246520CF9CC39468F27 /* Pods-DDMemo.release.xcconfig */;
			buildSettings = {
				ASSETCATALOG_COMPILER_APPICON_NAME = AppIcon;
				CODE_SIGN_ENTITLEMENTS = DDMemo/DDMemo.entitlements;
				"CODE_SIGN_IDENTITY[sdk=iphoneos*]" = "iPhone Distribution";
				CODE_SIGN_STYLE = Manual;
				DEVELOPMENT_TEAM = 8L4W5XFHVG;
				GCC_PREFIX_HEADER = DDMemo/Classes/Other/PrefixHeader.pch;
				INFOPLIST_FILE = DDMemo/Info.plist;
				IPHONEOS_DEPLOYMENT_TARGET = 9.0;
				LD_RUNPATH_SEARCH_PATHS = "$(inherited) @executable_path/Frameworks";
				PRODUCT_BUNDLE_IDENTIFIER = com.dys.ddmemo;
				PRODUCT_NAME = "$(TARGET_NAME)";
				PROVISIONING_PROFILE = "06c67d4e-59e9-4ec8-8148-9f75e8c879fe";
				PROVISIONING_PROFILE_SPECIFIER = ddmemo_dis;
				TARGETED_DEVICE_FAMILY = "1,2";
			};
			name = Release;
		};
/* End XCBuildConfiguration section */

/* Begin XCConfigurationList section */
		FB702DEC20B2BE2C000E575B /* Build configuration list for PBXNativeTarget "DDMemoWiget" */ = {
			isa = XCConfigurationList;
			buildConfigurations = (
				FB702DED20B2BE2C000E575B /* Debug */,
				FB702DEE20B2BE2C000E575B /* Release */,
			);
			defaultConfigurationIsVisible = 0;
			defaultConfigurationName = Release;
		};
		FBF12D9920AD90B0006194C6 /* Build configuration list for PBXProject "DDMemo" */ = {
			isa = XCConfigurationList;
			buildConfigurations = (
				FBF12DB520AD90B1006194C6 /* Debug */,
				FBF12DB620AD90B1006194C6 /* Release */,
			);
			defaultConfigurationIsVisible = 0;
			defaultConfigurationName = Release;
		};
		FBF12DB720AD90B1006194C6 /* Build configuration list for PBXNativeTarget "DDMemo" */ = {
			isa = XCConfigurationList;
			buildConfigurations = (
				FBF12DB820AD90B1006194C6 /* Debug */,
				FBF12DB920AD90B1006194C6 /* Release */,
			);
			defaultConfigurationIsVisible = 0;
			defaultConfigurationName = Release;
		};
/* End XCConfigurationList section */

/* Begin XCVersionGroup section */
		FBF12DAA20AD90B1006194C6 /* DDMemo.xcdatamodeld */ = {
			isa = XCVersionGroup;
			children = (
				FBF12DAB20AD90B1006194C6 /* DDMemo.xcdatamodel */,
			);
			currentVersion = FBF12DAB20AD90B1006194C6 /* DDMemo.xcdatamodel */;
			path = DDMemo.xcdatamodeld;
			sourceTree = "<group>";
			versionGroupType = wrapper.xcdatamodel;
		};
/* End XCVersionGroup section */
	};
	rootObject = FBF12D9620AD90B0006194C6 /* Project object */;
}
